
Microsoft Visual Studio Solution File, Format Version 12.00
# Visual Studio Version 17
VisualStudioVersion = 17.0.31903.59
MinimumVisualStudioVersion = 10.0.40219.1
Project("{FAE04EC0-301F-11D3-BF4B-00C04F79EFBC}") = "WebAPI", "WebAPI\WebAPI.csproj", "{272D093C-2BD1-41AE-99DE-59F3AF2D173E}"
EndProject
Project("{FAE04EC0-301F-11D3-BF4B-00C04F79EFBC}") = "Domain", "Domain\Domain.csproj", "{894241D3-DDEB-41F1-91BB-BD234C9EEE13}"
EndProject
Project("{FAE04EC0-301F-11D3-BF4B-00C04F79EFBC}") = "Application", "Application\Application.csproj", "{6FA85AB9-9BC1-4080-8AD6-2F363E4AFAA4}"
EndProject
Project("{FAE04EC0-301F-11D3-BF4B-00C04F79EFBC}") = "Infrastructure", "Infrastructure\Infrastructure.csproj", "{ACF5E1DB-B29D-41CE-8BA2-54C6BCFBFC91}"
EndProject
Global
	GlobalSection(SolutionConfigurationPlatforms) = preSolution
		Debug|Any CPU = Debug|Any CPU
		Release|Any CPU = Release|Any CPU
	EndGlobalSection
	GlobalSection(SolutionProperties) = preSolution
		HideSolutionNode = FALSE
	EndGlobalSection
	GlobalSection(ProjectConfigurationPlatforms) = postSolution
		{272D093C-2BD1-41AE-99DE-59F3AF2D173E}.Debug|Any CPU.ActiveCfg = Debug|Any CPU
		{272D093C-2BD1-41AE-99DE-59F3AF2D173E}.Debug|Any CPU.Build.0 = Debug|Any CPU
		{272D093C-2BD1-41AE-99DE-59F3AF2D173E}.Release|Any CPU.ActiveCfg = Release|Any CPU
		{272D093C-2BD1-41AE-99DE-59F3AF2D173E}.Release|Any CPU.Build.0 = Release|Any CPU
		{894241D3-DDEB-41F1-91BB-BD234C9EEE13}.Debug|Any CPU.ActiveCfg = Debug|Any CPU
		{894241D3-DDEB-41F1-91BB-BD234C9EEE13}.Debug|Any CPU.Build.0 = Debug|Any CPU
		{894241D3-DDEB-41F1-91BB-BD234C9EEE13}.Release|Any CPU.ActiveCfg = Release|Any CPU
		{894241D3-DDEB-41F1-91BB-BD234C9EEE13}.Release|Any CPU.Build.0 = Release|Any CPU
		{6FA85AB9-9BC1-4080-8AD6-2F363E4AFAA4}.Debug|Any CPU.ActiveCfg = Debug|Any CPU
		{6FA85AB9-9BC1-4080-8AD6-2F363E4AFAA4}.Debug|Any CPU.Build.0 = Debug|Any CPU
		{6FA85AB9-9BC1-4080-8AD6-2F363E4AFAA4}.Release|Any CPU.ActiveCfg = Release|Any CPU
		{6FA85AB9-9BC1-4080-8AD6-2F363E4AFAA4}.Release|Any CPU.Build.0 = Release|Any CPU
		{ACF5E1DB-B29D-41CE-8BA2-54C6BCFBFC91}.Debug|Any CPU.ActiveCfg = Debug|Any CPU
		{ACF5E1DB-B29D-41CE-8BA2-54C6BCFBFC91}.Debug|Any CPU.Build.0 = Debug|Any CPU
		{ACF5E1DB-B29D-41CE-8BA2-54C6BCFBFC91}.Release|Any CPU.ActiveCfg = Release|Any CPU
		{ACF5E1DB-B29D-41CE-8BA2-54C6BCFBFC91}.Release|Any CPU.Build.0 = Release|Any CPU
	EndGlobalSection
EndGlobal
